
Microsoft Visual Studio Solution File, Format Version 12.00
# Visual Studio Version 16
VisualStudioVersion = 16.0.30621.155
MinimumVisualStudioVersion = 10.0.40219.1
Project("{FAE04EC0-301F-11D3-BF4B-00C04F79EFBC}") = "TrapWire", "TrapWire\TrapWire.csproj", "{99EC22BB-FFC5-44E3-BCA2-CE6CE5C105E4}"
EndProject
Global
	GlobalSection(SolutionConfigurationPlatforms) = preSolution
		Debug|Any CPU = Debug|Any CPU
		Release|Any CPU = Release|Any CPU
	EndGlobalSection
	GlobalSection(ProjectConfigurationPlatforms) = postSolution
		{99EC22BB-FFC5-44E3-BCA2-CE6CE5C105E4}.Debug|Any CPU.ActiveCfg = Debug|Any CPU
		{99EC22BB-FFC5-44E3-BCA2-CE6CE5C105E4}.Debug|Any CPU.Build.0 = Debug|Any CPU
		{99EC22BB-FFC5-44E3-BCA2-CE6CE5C105E4}.Release|Any CPU.ActiveCfg = Release|Any CPU
		{99EC22BB-FFC5-44E3-BCA2-CE6CE5C105E4}.Release|Any CPU.Build.0 = Release|Any CPU
	EndGlobalSection
	GlobalSection(SolutionProperties) = preSolution
		HideSolutionNode = FALSE
	EndGlobalSection
	GlobalSection(ExtensibilityGlobals) = postSolution
		SolutionGuid = {D61D3714-3626-41F9-BF98-DFE1151A334E}
	EndGlobalSection
EndGlobal
